# THIS IS AN AUTOGENERATED FILE. DO NOT EDIT THIS FILE DIRECTLY.
# yarn lockfile v1


boom@^7.2.0:
  version "7.2.0"
  resolved "https://registry.yarnpkg.com/boom/-/boom-7.2.0.tgz#2bff24a55565767fde869ec808317eb10c48e966"
  dependencies:
    hoek "5.x.x"

hoek@5.x.x:
  version "5.0.4"
  resolved "https://registry.yarnpkg.com/hoek/-/hoek-5.0.4.tgz#0f7fa270a1cafeb364a4b2ddfaa33f864e4157da"
